
Microsoft Visual Studio Solution File, Format Version 12.00
# Visual Studio Version 17
VisualStudioVersion = 17.9.34714.143
MinimumVisualStudioVersion = 10.0.40219.1
Project("{FAE04EC0-301F-11D3-BF4B-00C04F79EFBC}") = "Week1Lab22025", "Part 1\Week1Lab22025.csproj", "{4E6C1268-8C88-C476-0E4E-9F314E553968}"
EndProject
Project("{FAE04EC0-301F-11D3-BF4B-00C04F79EFBC}") = "Week2Lab12025", "Week2Lab12025\Week2Lab12025.csproj", "{9E511319-D710-4C9A-8DCC-6F7EE29B3BBB}"
EndProject
Project("{FAE04EC0-301F-11D3-BF4B-00C04F79EFBC}") = "Week2Lab22025", "Week2Lab22025\Week2Lab22025.csproj", "{0CB7C5D3-3E8A-40BF-95F2-65CB74F260A4}"
EndProject
Project("{FAE04EC0-301F-11D3-BF4B-00C04F79EFBC}") = "Week3Lab12025", "Week3Lab12025\Week3Lab12025.csproj", "{72713125-F7CD-48D7-AC31-44E81B4B9DA6}"
EndProject
Project("{FAE04EC0-301F-11D3-BF4B-00C04F79EFBC}") = "Week3Lab22025", "Week3Lab22025\Week3Lab22025.csproj", "{3F14592A-31F2-4D51-8DE3-81CF15C2677C}"
EndProject
Project("{FAE04EC0-301F-11D3-BF4B-00C04F79EFBC}") = "GP012025Week4LAb1", "GP012025Week4LAb1\GP012025Week4LAb1.csproj", "{23D8E260-8D59-4E33-A8A2-FAA21A260B09}"
EndProject
Project("{FAE04EC0-301F-11D3-BF4B-00C04F79EFBC}") = "Week5Lab2025", "Week5Lab2025\Week5Lab2025.csproj", "{E3A930BF-2ADF-4342-A354-2DF6DD8357E3}"
EndProject
Project("{FAE04EC0-301F-11D3-BF4B-00C04F79EFBC}") = "GP012526Week4Lab2", "GP012526Week4Lab2\GP012526Week4Lab2.csproj", "{0655D63E-A6B3-430D-84B7-50F23FBEA0DF}"
EndProject
Project("{FAE04EC0-301F-11D3-BF4B-00C04F79EFBC}") = "GP012025Week6Lab1", "GP012025Week6Lab1\GP012025Week6Lab1.csproj", "{368CF0AB-0A44-467F-AB3A-1D5260B20BD2}"
EndProject
Project("{FAE04EC0-301F-11D3-BF4B-00C04F79EFBC}") = "GP025Week6Lab2", "GP025Week6Lab2\GP025Week6Lab2.csproj", "{FF2B78C8-C840-491D-98B9-C846B3011980}"
EndProject
Project("{FAE04EC0-301F-11D3-BF4B-00C04F79EFBC}") = "GP01Week8Lab2025", "GP01Week8Lab2025\GP01Week8Lab2025.csproj", "{4E831895-D912-4512-B62B-B7E725E98A29}"
EndProject
Project("{FAE04EC0-301F-11D3-BF4B-00C04F79EFBC}") = "Gp012025Week9Lab1", "Gp012025Week9Lab1\Gp012025Week9Lab1.csproj", "{6E6825FD-565D-4871-99B8-5EF93D41C9E8}"
EndProject
Project("{FAE04EC0-301F-11D3-BF4B-00C04F79EFBC}") = "GP01Week10Lab1_2025", "GP01Week10Lab1_2025\GP01Week10Lab1_2025.csproj", "{E9DB61A1-3219-4753-876B-739096BCC7F7}"
EndProject
Project("{FAE04EC0-301F-11D3-BF4B-00C04F79EFBC}") = "GP012324Week9Lab2", "GP012324Week9Lab2\GP012324Week9Lab2.csproj", "{82B6DA55-AB07-4648-B060-9D304431FD37}"
EndProject
Project("{FAE04EC0-301F-11D3-BF4B-00C04F79EFBC}") = "GP01Week10Lab2_2025", "GP01Week10Lab2_2025\GP01Week10Lab2_2025.csproj", "{BDAE3F66-6B61-4526-A2A1-64B100AD0413}"
EndProject
Project("{FAE04EC0-301F-11D3-BF4B-00C04F79EFBC}") = "GP01Week11Lab12025", "GP01Week11Lab12025\GP01Week11Lab12025.csproj", "{96F1E616-DDDF-4A9C-B1B2-FB9C67AA92B3}"
EndProject
Project("{FAE04EC0-301F-11D3-BF4B-00C04F79EFBC}") = "GP01Week11_Lab2_2025", "GP01Week11_Lab2_2025\GP01Week11_Lab2_2025.csproj", "{5D31C4CA-D3FE-488C-9949-0F53537C87DC}"
EndProject
Project("{FAE04EC0-301F-11D3-BF4B-00C04F79EFBC}") = "Pale Roots 1", "Pale Roots 1\Pale Roots 1.csproj", "{A4FA8FB3-F261-4755-8798-0938E9DAAD9E}"
EndProject
Global
	GlobalSection(SolutionConfigurationPlatforms) = preSolution
		Debug|Any CPU = Debug|Any CPU
		Release|Any CPU = Release|Any CPU
	EndGlobalSection
	GlobalSection(ProjectConfigurationPlatforms) = postSolution
		{4E6C1268-8C88-C476-0E4E-9F314E553968}.Debug|Any CPU.ActiveCfg = Debug|Any CPU
		{4E6C1268-8C88-C476-0E4E-9F314E553968}.Debug|Any CPU.Build.0 = Debug|Any CPU
		{4E6C1268-8C88-C476-0E4E-9F314E553968}.Release|Any CPU.ActiveCfg = Release|Any CPU
		{4E6C1268-8C88-C476-0E4E-9F314E553968}.Release|Any CPU.Build.0 = Release|Any CPU
		{9E511319-D710-4C9A-8DCC-6F7EE29B3BBB}.Debug|Any CPU.ActiveCfg = Debug|Any CPU
		{9E511319-D710-4C9A-8DCC-6F7EE29B3BBB}.Debug|Any CPU.Build.0 = Debug|Any CPU
		{9E511319-D710-4C9A-8DCC-6F7EE29B3BBB}.Release|Any CPU.ActiveCfg = Release|Any CPU
		{9E511319-D710-4C9A-8DCC-6F7EE29B3BBB}.Release|Any CPU.Build.0 = Release|Any CPU
		{0CB7C5D3-3E8A-40BF-95F2-65CB74F260A4}.Debug|Any CPU.ActiveCfg = Debug|Any CPU
		{0CB7C5D3-3E8A-40BF-95F2-65CB74F260A4}.Debug|Any CPU.Build.0 = Debug|Any CPU
		{0CB7C5D3-3E8A-40BF-95F2-65CB74F260A4}.Release|Any CPU.ActiveCfg = Release|Any CPU
		{0CB7C5D3-3E8A-40BF-95F2-65CB74F260A4}.Release|Any CPU.Build.0 = Release|Any CPU
		{72713125-F7CD-48D7-AC31-44E81B4B9DA6}.Debug|Any CPU.ActiveCfg = Debug|Any CPU
		{72713125-F7CD-48D7-AC31-44E81B4B9DA6}.Debug|Any CPU.Build.0 = Debug|Any CPU
		{72713125-F7CD-48D7-AC31-44E81B4B9DA6}.Release|Any CPU.ActiveCfg = Release|Any CPU
		{72713125-F7CD-48D7-AC31-44E81B4B9DA6}.Release|Any CPU.Build.0 = Release|Any CPU
		{3F14592A-31F2-4D51-8DE3-81CF15C2677C}.Debug|Any CPU.ActiveCfg = Debug|Any CPU
		{3F14592A-31F2-4D51-8DE3-81CF15C2677C}.Debug|Any CPU.Build.0 = Debug|Any CPU
		{3F14592A-31F2-4D51-8DE3-81CF15C2677C}.Release|Any CPU.ActiveCfg = Release|Any CPU
		{3F14592A-31F2-4D51-8DE3-81CF15C2677C}.Release|Any CPU.Build.0 = Release|Any CPU
		{23D8E260-8D59-4E33-A8A2-FAA21A260B09}.Debug|Any CPU.ActiveCfg = Debug|Any CPU
		{23D8E260-8D59-4E33-A8A2-FAA21A260B09}.Debug|Any CPU.Build.0 = Debug|Any CPU
		{23D8E260-8D59-4E33-A8A2-FAA21A260B09}.Release|Any CPU.ActiveCfg = Release|Any CPU
		{23D8E260-8D59-4E33-A8A2-FAA21A260B09}.Release|Any CPU.Build.0 = Release|Any CPU
		{E3A930BF-2ADF-4342-A354-2DF6DD8357E3}.Debug|Any CPU.ActiveCfg = Debug|Any CPU
		{E3A930BF-2ADF-4342-A354-2DF6DD8357E3}.Debug|Any CPU.Build.0 = Debug|Any CPU
		{E3A930BF-2ADF-4342-A354-2DF6DD8357E3}.Release|Any CPU.ActiveCfg = Release|Any CPU
		{E3A930BF-2ADF-4342-A354-2DF6DD8357E3}.Release|Any CPU.Build.0 = Release|Any CPU
		{0655D63E-A6B3-430D-84B7-50F23FBEA0DF}.Debug|Any CPU.ActiveCfg = Debug|Any CPU
		{0655D63E-A6B3-430D-84B7-50F23FBEA0DF}.Debug|Any CPU.Build.0 = Debug|Any CPU
		{0655D63E-A6B3-430D-84B7-50F23FBEA0DF}.Release|Any CPU.ActiveCfg = Release|Any CPU
		{0655D63E-A6B3-430D-84B7-50F23FBEA0DF}.Release|Any CPU.Build.0 = Release|Any CPU
		{368CF0AB-0A44-467F-AB3A-1D5260B20BD2}.Debug|Any CPU.ActiveCfg = Debug|Any CPU
		{368CF0AB-0A44-467F-AB3A-1D5260B20BD2}.Debug|Any CPU.Build.0 = Debug|Any CPU
		{368CF0AB-0A44-467F-AB3A-1D5260B20BD2}.Release|Any CPU.ActiveCfg = Release|Any CPU
		{368CF0AB-0A44-467F-AB3A-1D5260B20BD2}.Release|Any CPU.Build.0 = Release|Any CPU
		{FF2B78C8-C840-491D-98B9-C846B3011980}.Debug|Any CPU.ActiveCfg = Debug|Any CPU
		{FF2B78C8-C840-491D-98B9-C846B3011980}.Debug|Any CPU.Build.0 = Debug|Any CPU
		{FF2B78C8-C840-491D-98B9-C846B3011980}.Release|Any CPU.ActiveCfg = Release|Any CPU
		{FF2B78C8-C840-491D-98B9-C846B3011980}.Release|Any CPU.Build.0 = Release|Any CPU
		{4E831895-D912-4512-B62B-B7E725E98A29}.Debug|Any CPU.ActiveCfg = Debug|Any CPU
		{4E831895-D912-4512-B62B-B7E725E98A29}.Debug|Any CPU.Build.0 = Debug|Any CPU
		{4E831895-D912-4512-B62B-B7E725E98A29}.Release|Any CPU.ActiveCfg = Release|Any CPU
		{4E831895-D912-4512-B62B-B7E725E98A29}.Release|Any CPU.Build.0 = Release|Any CPU
		{6E6825FD-565D-4871-99B8-5EF93D41C9E8}.Debug|Any CPU.ActiveCfg = Debug|Any CPU
		{6E6825FD-565D-4871-99B8-5EF93D41C9E8}.Debug|Any CPU.Build.0 = Debug|Any CPU
		{6E6825FD-565D-4871-99B8-5EF93D41C9E8}.Release|Any CPU.ActiveCfg = Release|Any CPU
		{6E6825FD-565D-4871-99B8-5EF93D41C9E8}.Release|Any CPU.Build.0 = Release|Any CPU
		{E9DB61A1-3219-4753-876B-739096BCC7F7}.Debug|Any CPU.ActiveCfg = Debug|Any CPU
		{E9DB61A1-3219-4753-876B-739096BCC7F7}.Debug|Any CPU.Build.0 = Debug|Any CPU
		{E9DB61A1-3219-4753-876B-739096BCC7F7}.Release|Any CPU.ActiveCfg = Release|Any CPU
		{E9DB61A1-3219-4753-876B-739096BCC7F7}.Release|Any CPU.Build.0 = Release|Any CPU
		{82B6DA55-AB07-4648-B060-9D304431FD37}.Debug|Any CPU.ActiveCfg = Debug|Any CPU
		{82B6DA55-AB07-4648-B060-9D304431FD37}.Debug|Any CPU.Build.0 = Debug|Any CPU
		{82B6DA55-AB07-4648-B060-9D304431FD37}.Release|Any CPU.ActiveCfg = Release|Any CPU
		{82B6DA55-AB07-4648-B060-9D304431FD37}.Release|Any CPU.Build.0 = Release|Any CPU
		{BDAE3F66-6B61-4526-A2A1-64B100AD0413}.Debug|Any CPU.ActiveCfg = Debug|Any CPU
		{BDAE3F66-6B61-4526-A2A1-64B100AD0413}.Debug|Any CPU.Build.0 = Debug|Any CPU
		{BDAE3F66-6B61-4526-A2A1-64B100AD0413}.Release|Any CPU.ActiveCfg = Release|Any CPU
		{BDAE3F66-6B61-4526-A2A1-64B100AD0413}.Release|Any CPU.Build.0 = Release|Any CPU
		{96F1E616-DDDF-4A9C-B1B2-FB9C67AA92B3}.Debug|Any CPU.ActiveCfg = Debug|Any CPU
		{96F1E616-DDDF-4A9C-B1B2-FB9C67AA92B3}.Debug|Any CPU.Build.0 = Debug|Any CPU
		{96F1E616-DDDF-4A9C-B1B2-FB9C67AA92B3}.Release|Any CPU.ActiveCfg = Release|Any CPU
		{96F1E616-DDDF-4A9C-B1B2-FB9C67AA92B3}.Release|Any CPU.Build.0 = Release|Any CPU
		{5D31C4CA-D3FE-488C-9949-0F53537C87DC}.Debug|Any CPU.ActiveCfg = Debug|Any CPU
		{5D31C4CA-D3FE-488C-9949-0F53537C87DC}.Debug|Any CPU.Build.0 = Debug|Any CPU
		{5D31C4CA-D3FE-488C-9949-0F53537C87DC}.Release|Any CPU.ActiveCfg = Release|Any CPU
		{5D31C4CA-D3FE-488C-9949-0F53537C87DC}.Release|Any CPU.Build.0 = Release|Any CPU
		{A4FA8FB3-F261-4755-8798-0938E9DAAD9E}.Debug|Any CPU.ActiveCfg = Debug|Any CPU
		{A4FA8FB3-F261-4755-8798-0938E9DAAD9E}.Debug|Any CPU.Build.0 = Debug|Any CPU
		{A4FA8FB3-F261-4755-8798-0938E9DAAD9E}.Release|Any CPU.ActiveCfg = Release|Any CPU
		{A4FA8FB3-F261-4755-8798-0938E9DAAD9E}.Release|Any CPU.Build.0 = Release|Any CPU
	EndGlobalSection
	GlobalSection(SolutionProperties) = preSolution
		HideSolutionNode = FALSE
	EndGlobalSection
	GlobalSection(ExtensibilityGlobals) = postSolution
		SolutionGuid = {5060BE04-9BA0-4637-8587-ADF3CF276C08}
	EndGlobalSection
EndGlobal
